
Microsoft Visual Studio Solution File, Format Version 12.00
# Visual Studio Version 16
VisualStudioVersion = 16.0.30320.27
MinimumVisualStudioVersion = 10.0.40219.1
Project("{FAE04EC0-301F-11D3-BF4B-00C04F79EFBC}") = "Japax-Courier-DB", "Japax-Courier-DB\Japax-Courier-DB.csproj", "{C8D3CDCD-F488-4FE4-9829-F6EA421D786F}"
EndProject
Global
	GlobalSection(SolutionConfigurationPlatforms) = preSolution
		Debug|Any CPU = Debug|Any CPU
		Release|Any CPU = Release|Any CPU
	EndGlobalSection
	GlobalSection(ProjectConfigurationPlatforms) = postSolution
		{C8D3CDCD-F488-4FE4-9829-F6EA421D786F}.Debug|Any CPU.ActiveCfg = Debug|Any CPU
		{C8D3CDCD-F488-4FE4-9829-F6EA421D786F}.Debug|Any CPU.Build.0 = Debug|Any CPU
		{C8D3CDCD-F488-4FE4-9829-F6EA421D786F}.Release|Any CPU.ActiveCfg = Release|Any CPU
		{C8D3CDCD-F488-4FE4-9829-F6EA421D786F}.Release|Any CPU.Build.0 = Release|Any CPU
	EndGlobalSection
	GlobalSection(SolutionProperties) = preSolution
		HideSolutionNode = FALSE
	EndGlobalSection
	GlobalSection(ExtensibilityGlobals) = postSolution
		SolutionGuid = {9A7763AE-35A6-4D52-8E78-6A0F0697CF50}
	EndGlobalSection
EndGlobal
